
Microsoft Visual Studio Solution File, Format Version 12.00
# Visual Studio Version 17
VisualStudioVersion = 17.0.31612.314
MinimumVisualStudioVersion = 10.0.40219.1
Project("{FAE04EC0-301F-11D3-BF4B-00C04F79EFBC}") = "WebApplication1", "WebApplication1\WebApplication1.csproj", "{A280B6E6-1F5D-45FB-AEC9-F87DA9638FB2}"
EndProject
Global
	GlobalSection(SolutionConfigurationPlatforms) = preSolution
		Debug|Any CPU = Debug|Any CPU
		Release|Any CPU = Release|Any CPU
	EndGlobalSection
	GlobalSection(ProjectConfigurationPlatforms) = postSolution
		{A280B6E6-1F5D-45FB-AEC9-F87DA9638FB2}.Debug|Any CPU.ActiveCfg = Debug|Any CPU
		{A280B6E6-1F5D-45FB-AEC9-F87DA9638FB2}.Debug|Any CPU.Build.0 = Debug|Any CPU
		{A280B6E6-1F5D-45FB-AEC9-F87DA9638FB2}.Release|Any CPU.ActiveCfg = Release|Any CPU
		{A280B6E6-1F5D-45FB-AEC9-F87DA9638FB2}.Release|Any CPU.Build.0 = Release|Any CPU
	EndGlobalSection
	GlobalSection(SolutionProperties) = preSolution
		HideSolutionNode = FALSE
	EndGlobalSection
	GlobalSection(ExtensibilityGlobals) = postSolution
		SolutionGuid = {13A1151F-9C82-488E-8F79-319AA53CD8A9}
	EndGlobalSection
EndGlobal
